speakeasyVersion: 1.801.0
sources:
    Wistia-OAS:
        sourceNamespace: wistia-oas
        sourceRevisionDigest: sha256:bb6b7a21ecff2ea42d91ebb309cc35b6bb178ead64499be4973472ea83d106a5
        sourceBlobDigest: sha256:6ff3a72dbbaf64d0757e78fd8621b8b987e4f63a3be47b129f5d75d8622dccee
        tags:
            - latest
            - edge-version
targets:
    wistia:
        source: Wistia-OAS
        sourceNamespace: wistia-oas
        sourceRevisionDigest: sha256:bb6b7a21ecff2ea42d91ebb309cc35b6bb178ead64499be4973472ea83d106a5
        sourceBlobDigest: sha256:6ff3a72dbbaf64d0757e78fd8621b8b987e4f63a3be47b129f5d75d8622dccee
workflow:
    workflowVersion: 1.0.0
    speakeasyVersion: latest
    sources:
        Wistia-OAS:
            inputs:
                - location: https://wistia.github.io/wistia/api/openapi-upload.yaml
                - location: https://wistia.github.io/wistia/api/openapi-modern.yaml
            overlays:
                - location: .speakeasy/cli-command-names.yaml
            output: .speakeasy/out.openapi.yaml
            registry:
                location: registry.speakeasyapi.dev/wistia/wistia/wistia-oas
    targets:
        wistia:
            target: cli
            source: Wistia-OAS
