speakeasyVersion: 1.800.1
sources:
    Wistia-OAS:
        sourceNamespace: wistia-oas
        sourceRevisionDigest: sha256:84cf78fe530b1e7a37ec4e4c4c12d83e675c14e9983f0f7cad061aa6d516f1d8
        sourceBlobDigest: sha256:3c9443994f8d4816750e23481fd2726646657aa9d10b6a474abd1fd6a2392be3
        tags:
            - latest
            - edge-version
targets:
    wistia:
        source: Wistia-OAS
        sourceNamespace: wistia-oas
        sourceRevisionDigest: sha256:84cf78fe530b1e7a37ec4e4c4c12d83e675c14e9983f0f7cad061aa6d516f1d8
        sourceBlobDigest: sha256:3c9443994f8d4816750e23481fd2726646657aa9d10b6a474abd1fd6a2392be3
workflow:
    workflowVersion: 1.0.0
    speakeasyVersion: latest
    sources:
        Wistia-OAS:
            inputs:
                - location: https://wistia.github.io/wistia/api/openapi-upload.yaml
                - location: https://wistia.github.io/wistia/api/openapi-modern.yaml
            overlays:
                - location: .speakeasy/cli-command-names.yaml
            output: .speakeasy/out.openapi.yaml
            registry:
                location: registry.speakeasyapi.dev/wistia/wistia/wistia-oas
    targets:
        wistia:
            target: cli
            source: Wistia-OAS
