speakeasyVersion: 1.784.1
sources:
    Wistia-OAS:
        sourceNamespace: wistia-oas
        sourceRevisionDigest: sha256:ca0f973b026af1e35054b188fc6764ebca1fae5a311b5ac3beb9a1b822e8eff2
        sourceBlobDigest: sha256:2c1e45e8dde59e071837bd69cd6d40f707c769d2d8972cbe650dbfd375ee3f1b
        tags:
            - latest
            - 2026.05.0
targets:
    wistia:
        source: Wistia-OAS
        sourceNamespace: wistia-oas
        sourceRevisionDigest: sha256:ca0f973b026af1e35054b188fc6764ebca1fae5a311b5ac3beb9a1b822e8eff2
        sourceBlobDigest: sha256:2c1e45e8dde59e071837bd69cd6d40f707c769d2d8972cbe650dbfd375ee3f1b
workflow:
    workflowVersion: 1.0.0
    speakeasyVersion: latest
    sources:
        Wistia-OAS:
            inputs:
                - location: https://wistia.github.io/wistia/api/openapi-upload.yaml
                - location: https://wistia.github.io/wistia/api/openapi-2026-05.yaml
            output: .speakeasy/out.openapi.yaml
            registry:
                location: registry.speakeasyapi.dev/wistia/wistia/wistia-oas
    targets:
        wistia:
            target: cli
            source: Wistia-OAS
